// !$*UTF8*$!
{
	archiveVersion = 1;
	classes = {
	};
	objectVersion = 56;
	objects = {

/* Begin PBXBuildFile section */
		1D7F78482BE1AAE4007D7843 /* MVVM_C_SwiftUI_TemplateApp.swift in Sources */ = {isa = PBXBuildFile; fileRef = 1D7F78472BE1AAE4007D7843 /* MVVM_C_SwiftUI_TemplateApp.swift */; };
		1D7F784C2BE1AAE6007D7843 /* Assets.xcassets in Resources */ = {isa = PBXBuildFile; fileRef = 1D7F784B2BE1AAE6007D7843 /* Assets.xcassets */; };
		1D7F78502BE1AAE6007D7843 /* Preview Assets.xcassets in Resources */ = {isa = PBXBuildFile; fileRef = 1D7F784F2BE1AAE6007D7843 /* Preview Assets.xcassets */; };
		1D7F78652BE1ADA0007D7843 /* MainCoordinator.swift in Sources */ = {isa = PBXBuildFile; fileRef = 1D7F78582BE1ADA0007D7843 /* MainCoordinator.swift */; };
		1D7F78662BE1ADA0007D7843 /* MainCoordinatorNavigationView.swift in Sources */ = {isa = PBXBuildFile; fileRef = 1D7F78592BE1ADA0007D7843 /* MainCoordinatorNavigationView.swift */; };
		1D7F78672BE1ADA0007D7843 /* MainFlow.swift in Sources */ = {isa = PBXBuildFile; fileRef = 1D7F785A2BE1ADA0007D7843 /* MainFlow.swift */; };
		1D7F78682BE1ADA0007D7843 /* MainView.swift in Sources */ = {isa = PBXBuildFile; fileRef = 1D7F785C2BE1ADA0007D7843 /* MainView.swift */; };
		1D7F78692BE1ADA0007D7843 /* MainViewData.swift in Sources */ = {isa = PBXBuildFile; fileRef = 1D7F785D2BE1ADA0007D7843 /* MainViewData.swift */; };
		1D7F786A2BE1ADA0007D7843 /* MainViewModel.swift in Sources */ = {isa = PBXBuildFile; fileRef = 1D7F785E2BE1ADA0007D7843 /* MainViewModel.swift */; };
		1D7F786B2BE1ADA0007D7843 /* MainService.swift in Sources */ = {isa = PBXBuildFile; fileRef = 1D7F78612BE1ADA0007D7843 /* MainService.swift */; };
		1D7F786C2BE1ADA0007D7843 /* MainBuilder.swift in Sources */ = {isa = PBXBuildFile; fileRef = 1D7F78632BE1ADA0007D7843 /* MainBuilder.swift */; };
		1D7F787C2BE1AE46007D7843 /* SecondCoordinator.swift in Sources */ = {isa = PBXBuildFile; fileRef = 1D7F786F2BE1AE46007D7843 /* SecondCoordinator.swift */; };
		1D7F787D2BE1AE46007D7843 /* SecondCoordinatorNavigationView.swift in Sources */ = {isa = PBXBuildFile; fileRef = 1D7F78702BE1AE46007D7843 /* SecondCoordinatorNavigationView.swift */; };
		1D7F787F2BE1AE46007D7843 /* SecondView.swift in Sources */ = {isa = PBXBuildFile; fileRef = 1D7F78732BE1AE46007D7843 /* SecondView.swift */; };
		1D7F78802BE1AE46007D7843 /* SecondViewData.swift in Sources */ = {isa = PBXBuildFile; fileRef = 1D7F78742BE1AE46007D7843 /* SecondViewData.swift */; };
		1D7F78812BE1AE46007D7843 /* SecondViewModel.swift in Sources */ = {isa = PBXBuildFile; fileRef = 1D7F78752BE1AE46007D7843 /* SecondViewModel.swift */; };
		1D7F78832BE1AE46007D7843 /* SecondBuilder.swift in Sources */ = {isa = PBXBuildFile; fileRef = 1D7F787A2BE1AE46007D7843 /* SecondBuilder.swift */; };
/* End PBXBuildFile section */

/* Begin PBXFileReference section */
		1D7F78442BE1AAE4007D7843 /* MVVM-C SwiftUI Template.app */ = {isa = PBXFileReference; explicitFileType = wrapper.application; includeInIndex = 0; path = "MVVM-C SwiftUI Template.app"; sourceTree = BUILT_PRODUCTS_DIR; };
		1D7F78472BE1AAE4007D7843 /* MVVM_C_SwiftUI_TemplateApp.swift */ = {isa = PBXFileReference; lastKnownFileType = sourcecode.swift; path = MVVM_C_SwiftUI_TemplateApp.swift; sourceTree = "<group>"; };
		1D7F784B2BE1AAE6007D7843 /* Assets.xcassets */ = {isa = PBXFileReference; lastKnownFileType = folder.assetcatalog; path = Assets.xcassets; sourceTree = "<group>"; };
		1D7F784D2BE1AAE6007D7843 /* MVVM_C_SwiftUI_Template.entitlements */ = {isa = PBXFileReference; lastKnownFileType = text.plist.entitlements; path = MVVM_C_SwiftUI_Template.entitlements; sourceTree = "<group>"; };
		1D7F784F2BE1AAE6007D7843 /* Preview Assets.xcassets */ = {isa = PBXFileReference; lastKnownFileType = folder.assetcatalog; path = "Preview Assets.xcassets"; sourceTree = "<group>"; };
		1D7F78582BE1ADA0007D7843 /* MainCoordinator.swift */ = {isa = PBXFileReference; fileEncoding = 4; lastKnownFileType = sourcecode.swift; path = MainCoordinator.swift; sourceTree = "<group>"; };
		1D7F78592BE1ADA0007D7843 /* MainCoordinatorNavigationView.swift */ = {isa = PBXFileReference; fileEncoding = 4; lastKnownFileType = sourcecode.swift; path = MainCoordinatorNavigationView.swift; sourceTree = "<group>"; };
		1D7F785A2BE1ADA0007D7843 /* MainFlow.swift */ = {isa = PBXFileReference; fileEncoding = 4; lastKnownFileType = sourcecode.swift; path = MainFlow.swift; sourceTree = "<group>"; };
		1D7F785C2BE1ADA0007D7843 /* MainView.swift */ = {isa = PBXFileReference; fileEncoding = 4; lastKnownFileType = sourcecode.swift; path = MainView.swift; sourceTree = "<group>"; };
		1D7F785D2BE1ADA0007D7843 /* MainViewData.swift */ = {isa = PBXFileReference; fileEncoding = 4; lastKnownFileType = sourcecode.swift; path = MainViewData.swift; sourceTree = "<group>"; };
		1D7F785E2BE1ADA0007D7843 /* MainViewModel.swift */ = {isa = PBXFileReference; fileEncoding = 4; lastKnownFileType = sourcecode.swift; path = MainViewModel.swift; sourceTree = "<group>"; };
		1D7F78612BE1ADA0007D7843 /* MainService.swift */ = {isa = PBXFileReference; fileEncoding = 4; lastKnownFileType = sourcecode.swift; path = MainService.swift; sourceTree = "<group>"; };
		1D7F78632BE1ADA0007D7843 /* MainBuilder.swift */ = {isa = PBXFileReference; fileEncoding = 4; lastKnownFileType = sourcecode.swift; path = MainBuilder.swift; sourceTree = "<group>"; };
		1D7F786F2BE1AE46007D7843 /* SecondCoordinator.swift */ = {isa = PBXFileReference; fileEncoding = 4; lastKnownFileType = sourcecode.swift; path = SecondCoordinator.swift; sourceTree = "<group>"; };
		1D7F78702BE1AE46007D7843 /* SecondCoordinatorNavigationView.swift */ = {isa = PBXFileReference; fileEncoding = 4; lastKnownFileType = sourcecode.swift; path = SecondCoordinatorNavigationView.swift; sourceTree = "<group>"; };
		1D7F78732BE1AE46007D7843 /* SecondView.swift */ = {isa = PBXFileReference; fileEncoding = 4; lastKnownFileType = sourcecode.swift; path = SecondView.swift; sourceTree = "<group>"; };
		1D7F78742BE1AE46007D7843 /* SecondViewData.swift */ = {isa = PBXFileReference; fileEncoding = 4; lastKnownFileType = sourcecode.swift; path = SecondViewData.swift; sourceTree = "<group>"; };
		1D7F78752BE1AE46007D7843 /* SecondViewModel.swift */ = {isa = PBXFileReference; fileEncoding = 4; lastKnownFileType = sourcecode.swift; path = SecondViewModel.swift; sourceTree = "<group>"; };
		1D7F787A2BE1AE46007D7843 /* SecondBuilder.swift */ = {isa = PBXFileReference; fileEncoding = 4; lastKnownFileType = sourcecode.swift; path = SecondBuilder.swift; sourceTree = "<group>"; };
/* End PBXFileReference section */

/* Begin PBXFrameworksBuildPhase section */
		1D7F78412BE1AAE4007D7843 /* Frameworks */ = {
			isa = PBXFrameworksBuildPhase;
			buildActionMask = 2147483647;
			files = (
			);
			runOnlyForDeploymentPostprocessing = 0;
		};
/* End PBXFrameworksBuildPhase section */

/* Begin PBXGroup section */
		1D7F783B2BE1AAE3007D7843 = {
			isa = PBXGroup;
			children = (
				1D7F78462BE1AAE4007D7843 /* MVVM-C SwiftUI Template */,
				1D7F78452BE1AAE4007D7843 /* Products */,
			);
			sourceTree = "<group>";
		};
		1D7F78452BE1AAE4007D7843 /* Products */ = {
			isa = PBXGroup;
			children = (
				1D7F78442BE1AAE4007D7843 /* MVVM-C SwiftUI Template.app */,
			);
			name = Products;
			sourceTree = "<group>";
		};
		1D7F78462BE1AAE4007D7843 /* MVVM-C SwiftUI Template */ = {
			isa = PBXGroup;
			children = (
				1D7F787B2BE1AE46007D7843 /* Second */,
				1D7F78642BE1ADA0007D7843 /* Main */,
				1D7F78472BE1AAE4007D7843 /* MVVM_C_SwiftUI_TemplateApp.swift */,
				1D7F784B2BE1AAE6007D7843 /* Assets.xcassets */,
				1D7F784D2BE1AAE6007D7843 /* MVVM_C_SwiftUI_Template.entitlements */,
				1D7F784E2BE1AAE6007D7843 /* Preview Content */,
			);
			path = "MVVM-C SwiftUI Template";
			sourceTree = "<group>";
		};
		1D7F784E2BE1AAE6007D7843 /* Preview Content */ = {
			isa = PBXGroup;
			children = (
				1D7F784F2BE1AAE6007D7843 /* Preview Assets.xcassets */,
			);
			path = "Preview Content";
			sourceTree = "<group>";
		};
		1D7F785B2BE1ADA0007D7843 /* Coordinator */ = {
			isa = PBXGroup;
			children = (
				1D7F78582BE1ADA0007D7843 /* MainCoordinator.swift */,
				1D7F78592BE1ADA0007D7843 /* MainCoordinatorNavigationView.swift */,
				1D7F785A2BE1ADA0007D7843 /* MainFlow.swift */,
			);
			path = Coordinator;
			sourceTree = "<group>";
		};
		1D7F785F2BE1ADA0007D7843 /* Presentation */ = {
			isa = PBXGroup;
			children = (
				1D7F785C2BE1ADA0007D7843 /* MainView.swift */,
				1D7F785D2BE1ADA0007D7843 /* MainViewData.swift */,
				1D7F785E2BE1ADA0007D7843 /* MainViewModel.swift */,
			);
			path = Presentation;
			sourceTree = "<group>";
		};
		1D7F78602BE1ADA0007D7843 /* Models */ = {
			isa = PBXGroup;
			children = (
			);
			path = Models;
			sourceTree = "<group>";
		};
		1D7F78622BE1ADA0007D7843 /* Service */ = {
			isa = PBXGroup;
			children = (
				1D7F78602BE1ADA0007D7843 /* Models */,
				1D7F78612BE1ADA0007D7843 /* MainService.swift */,
			);
			path = Service;
			sourceTree = "<group>";
		};
		1D7F78642BE1ADA0007D7843 /* Main */ = {
			isa = PBXGroup;
			children = (
				1D7F785B2BE1ADA0007D7843 /* Coordinator */,
				1D7F785F2BE1ADA0007D7843 /* Presentation */,
				1D7F78622BE1ADA0007D7843 /* Service */,
				1D7F78632BE1ADA0007D7843 /* MainBuilder.swift */,
			);
			path = Main;
			sourceTree = "<group>";
		};
		1D7F78722BE1AE46007D7843 /* Coordinator */ = {
			isa = PBXGroup;
			children = (
				1D7F786F2BE1AE46007D7843 /* SecondCoordinator.swift */,
				1D7F78702BE1AE46007D7843 /* SecondCoordinatorNavigationView.swift */,
			);
			path = Coordinator;
			sourceTree = "<group>";
		};
		1D7F78762BE1AE46007D7843 /* Presentation */ = {
			isa = PBXGroup;
			children = (
				1D7F78732BE1AE46007D7843 /* SecondView.swift */,
				1D7F78742BE1AE46007D7843 /* SecondViewData.swift */,
				1D7F78752BE1AE46007D7843 /* SecondViewModel.swift */,
			);
			path = Presentation;
			sourceTree = "<group>";
		};
		1D7F787B2BE1AE46007D7843 /* Second */ = {
			isa = PBXGroup;
			children = (
				1D7F78722BE1AE46007D7843 /* Coordinator */,
				1D7F78762BE1AE46007D7843 /* Presentation */,
				1D7F787A2BE1AE46007D7843 /* SecondBuilder.swift */,
			);
			path = Second;
			sourceTree = "<group>";
		};
/* End PBXGroup section */

/* Begin PBXNativeTarget section */
		1D7F78432BE1AAE4007D7843 /* MVVM-C SwiftUI Template */ = {
			isa = PBXNativeTarget;
			buildConfigurationList = 1D7F78532BE1AAE6007D7843 /* Build configuration list for PBXNativeTarget "MVVM-C SwiftUI Template" */;
			buildPhases = (
				1D7F78402BE1AAE4007D7843 /* Sources */,
				1D7F78412BE1AAE4007D7843 /* Frameworks */,
				1D7F78422BE1AAE4007D7843 /* Resources */,
			);
			buildRules = (
			);
			dependencies = (
			);
			name = "MVVM-C SwiftUI Template";
			productName = "MVVM-C SwiftUI Template";
			productReference = 1D7F78442BE1AAE4007D7843 /* MVVM-C SwiftUI Template.app */;
			productType = "com.apple.product-type.application";
		};
/* End PBXNativeTarget section */

/* Begin PBXProject section */
		1D7F783C2BE1AAE3007D7843 /* Project object */ = {
			isa = PBXProject;
			attributes = {
				BuildIndependentTargetsInParallel = 1;
				LastSwiftUpdateCheck = 1530;
				LastUpgradeCheck = 1530;
				TargetAttributes = {
					1D7F78432BE1AAE4007D7843 = {
						CreatedOnToolsVersion = 15.3;
					};
				};
			};
			buildConfigurationList = 1D7F783F2BE1AAE3007D7843 /* Build configuration list for PBXProject "MVVM-C SwiftUI Template" */;
			compatibilityVersion = "Xcode 14.0";
			developmentRegion = en;
			hasScannedForEncodings = 0;
			knownRegions = (
				en,
				Base,
			);
			mainGroup = 1D7F783B2BE1AAE3007D7843;
			productRefGroup = 1D7F78452BE1AAE4007D7843 /* Products */;
			projectDirPath = "";
			projectRoot = "";
			targets = (
				1D7F78432BE1AAE4007D7843 /* MVVM-C SwiftUI Template */,
			);
		};
/* End PBXProject section */

/* Begin PBXResourcesBuildPhase section */
		1D7F78422BE1AAE4007D7843 /* Resources */ = {
			isa = PBXResourcesBuildPhase;
			buildActionMask = 2147483647;
			files = (
				1D7F78502BE1AAE6007D7843 /* Preview Assets.xcassets in Resources */,
				1D7F784C2BE1AAE6007D7843 /* Assets.xcassets in Resources */,
			);
			runOnlyForDeploymentPostprocessing = 0;
		};
/* End PBXResourcesBuildPhase section */

/* Begin PBXSourcesBuildPhase section */
		1D7F78402BE1AAE4007D7843 /* Sources */ = {
			isa = PBXSourcesBuildPhase;
			buildActionMask = 2147483647;
			files = (
				1D7F78682BE1ADA0007D7843 /* MainView.swift in Sources */,
				1D7F787D2BE1AE46007D7843 /* SecondCoordinatorNavigationView.swift in Sources */,
				1D7F78802BE1AE46007D7843 /* SecondViewData.swift in Sources */,
				1D7F78652BE1ADA0007D7843 /* MainCoordinator.swift in Sources */,
				1D7F78672BE1ADA0007D7843 /* MainFlow.swift in Sources */,
				1D7F786C2BE1ADA0007D7843 /* MainBuilder.swift in Sources */,
				1D7F78662BE1ADA0007D7843 /* MainCoordinatorNavigationView.swift in Sources */,
				1D7F786B2BE1ADA0007D7843 /* MainService.swift in Sources */,
				1D7F78692BE1ADA0007D7843 /* MainViewData.swift in Sources */,
				1D7F78482BE1AAE4007D7843 /* MVVM_C_SwiftUI_TemplateApp.swift in Sources */,
				1D7F787C2BE1AE46007D7843 /* SecondCoordinator.swift in Sources */,
				1D7F787F2BE1AE46007D7843 /* SecondView.swift in Sources */,
				1D7F786A2BE1ADA0007D7843 /* MainViewModel.swift in Sources */,
				1D7F78832BE1AE46007D7843 /* SecondBuilder.swift in Sources */,
				1D7F78812BE1AE46007D7843 /* SecondViewModel.swift in Sources */,
			);
			runOnlyForDeploymentPostprocessing = 0;
		};
/* End PBXSourcesBuildPhase section */

/* Begin XCBuildConfiguration section */
		1D7F78512BE1AAE6007D7843 /* Debug */ = {
			isa = XCBuildConfiguration;
			buildSettings = {
				ALWAYS_SEARCH_USER_PATHS = NO;
				ASSETCATALOG_COMPILER_GENERATE_SWIFT_ASSET_SYMBOL_EXTENSIONS = YES;
				CLANG_ANALYZER_NONNULL = YES;
				CLANG_ANALYZER_NUMBER_OBJECT_CONVERSION = YES_AGGRESSIVE;
				CLANG_CXX_LANGUAGE_STANDARD = "gnu++20";
				CLANG_ENABLE_MODULES = YES;
				CLANG_ENABLE_OBJC_ARC = YES;
				CLANG_ENABLE_OBJC_WEAK = YES;
				CLANG_WARN_BLOCK_CAPTURE_AUTORELEASING = YES;
				CLANG_WARN_BOOL_CONVERSION = YES;
				CLANG_WARN_COMMA = YES;
				CLANG_WARN_CONSTANT_CONVERSION = YES;
				CLANG_WARN_DEPRECATED_OBJC_IMPLEMENTATIONS = YES;
				CLANG_WARN_DIRECT_OBJC_ISA_USAGE = YES_ERROR;
				CLANG_WARN_DOCUMENTATION_COMMENTS = YES;
				CLANG_WARN_EMPTY_BODY = YES;
				CLANG_WARN_ENUM_CONVERSION = YES;
				CLANG_WARN_INFINITE_RECURSION = YES;
				CLANG_WARN_INT_CONVERSION = YES;
				CLANG_WARN_NON_LITERAL_NULL_CONVERSION = YES;
				CLANG_WARN_OBJC_IMPLICIT_RETAIN_SELF = YES;
				CLANG_WARN_OBJC_LITERAL_CONVERSION = YES;
				CLANG_WARN_OBJC_ROOT_CLASS = YES_ERROR;
				CLANG_WARN_QUOTED_INCLUDE_IN_FRAMEWORK_HEADER = YES;
				CLANG_WARN_RANGE_LOOP_ANALYSIS = YES;
				CLANG_WARN_STRICT_PROTOTYPES = YES;
				CLANG_WARN_SUSPICIOUS_MOVE = YES;
				CLANG_WARN_UNGUARDED_AVAILABILITY = YES_AGGRESSIVE;
				CLANG_WARN_UNREACHABLE_CODE = YES;
				CLANG_WARN__DUPLICATE_METHOD_MATCH = YES;
				COPY_PHASE_STRIP = NO;
				DEBUG_INFORMATION_FORMAT = dwarf;
				ENABLE_STRICT_OBJC_MSGSEND = YES;
				ENABLE_TESTABILITY = YES;
				ENABLE_USER_SCRIPT_SANDBOXING = YES;
				GCC_C_LANGUAGE_STANDARD = gnu17;
				GCC_DYNAMIC_NO_PIC = NO;
				GCC_NO_COMMON_BLOCKS = YES;
				GCC_OPTIMIZATION_LEVEL = 0;
				GCC_PREPROCESSOR_DEFINITIONS = (
					"DEBUG=1",
					"$(inherited)",
				);
				GCC_WARN_64_TO_32_BIT_CONVERSION = YES;
				GCC_WARN_ABOUT_RETURN_TYPE = YES_ERROR;
				GCC_WARN_UNDECLARED_SELECTOR = YES;
				GCC_WARN_UNINITIALIZED_AUTOS = YES_AGGRESSIVE;
				GCC_WARN_UNUSED_FUNCTION = YES;
				GCC_WARN_UNUSED_VARIABLE = YES;
				LOCALIZATION_PREFERS_STRING_CATALOGS = YES;
				MTL_ENABLE_DEBUG_INFO = INCLUDE_SOURCE;
				MTL_FAST_MATH = YES;
				ONLY_ACTIVE_ARCH = YES;
				SWIFT_ACTIVE_COMPILATION_CONDITIONS = "DEBUG $(inherited)";
				SWIFT_OPTIMIZATION_LEVEL = "-Onone";
			};
			name = Debug;
		};
		1D7F78522BE1AAE6007D7843 /* Release */ = {
			isa = XCBuildConfiguration;
			buildSettings = {
				ALWAYS_SEARCH_USER_PATHS = NO;
				ASSETCATALOG_COMPILER_GENERATE_SWIFT_ASSET_SYMBOL_EXTENSIONS = YES;
				CLANG_ANALYZER_NONNULL = YES;
				CLANG_ANALYZER_NUMBER_OBJECT_CONVERSION = YES_AGGRESSIVE;
				CLANG_CXX_LANGUAGE_STANDARD = "gnu++20";
				CLANG_ENABLE_MODULES = YES;
				CLANG_ENABLE_OBJC_ARC = YES;
				CLANG_ENABLE_OBJC_WEAK = YES;
				CLANG_WARN_BLOCK_CAPTURE_AUTORELEASING = YES;
				CLANG_WARN_BOOL_CONVERSION = YES;
				CLANG_WARN_COMMA = YES;
				CLANG_WARN_CONSTANT_CONVERSION = YES;
				CLANG_WARN_DEPRECATED_OBJC_IMPLEMENTATIONS = YES;
				CLANG_WARN_DIRECT_OBJC_ISA_USAGE = YES_ERROR;
				CLANG_WARN_DOCUMENTATION_COMMENTS = YES;
				CLANG_WARN_EMPTY_BODY = YES;
				CLANG_WARN_ENUM_CONVERSION = YES;
				CLANG_WARN_INFINITE_RECURSION = YES;
				CLANG_WARN_INT_CONVERSION = YES;
				CLANG_WARN_NON_LITERAL_NULL_CONVERSION = YES;
				CLANG_WARN_OBJC_IMPLICIT_RETAIN_SELF = YES;
				CLANG_WARN_OBJC_LITERAL_CONVERSION = YES;
				CLANG_WARN_OBJC_ROOT_CLASS = YES_ERROR;
				CLANG_WARN_QUOTED_INCLUDE_IN_FRAMEWORK_HEADER = YES;
				CLANG_WARN_RANGE_LOOP_ANALYSIS = YES;
				CLANG_WARN_STRICT_PROTOTYPES = YES;
				CLANG_WARN_SUSPICIOUS_MOVE = YES;
				CLANG_WARN_UNGUARDED_AVAILABILITY = YES_AGGRESSIVE;
				CLANG_WARN_UNREACHABLE_CODE = YES;
				CLANG_WARN__DUPLICATE_METHOD_MATCH = YES;
				COPY_PHASE_STRIP = NO;
				DEBUG_INFORMATION_FORMAT = "dwarf-with-dsym";
				ENABLE_NS_ASSERTIONS = NO;
				ENABLE_STRICT_OBJC_MSGSEND = YES;
				ENABLE_USER_SCRIPT_SANDBOXING = YES;
				GCC_C_LANGUAGE_STANDARD = gnu17;
				GCC_NO_COMMON_BLOCKS = YES;
				GCC_WARN_64_TO_32_BIT_CONVERSION = YES;
				GCC_WARN_ABOUT_RETURN_TYPE = YES_ERROR;
				GCC_WARN_UNDECLARED_SELECTOR = YES;
				GCC_WARN_UNINITIALIZED_AUTOS = YES_AGGRESSIVE;
				GCC_WARN_UNUSED_FUNCTION = YES;
				GCC_WARN_UNUSED_VARIABLE = YES;
				LOCALIZATION_PREFERS_STRING_CATALOGS = YES;
				MTL_ENABLE_DEBUG_INFO = NO;
				MTL_FAST_MATH = YES;
				SWIFT_COMPILATION_MODE = wholemodule;
			};
			name = Release;
		};
		1D7F78542BE1AAE6007D7843 /* Debug */ = {
			isa = XCBuildConfiguration;
			buildSettings = {
				ASSETCATALOG_COMPILER_APPICON_NAME = AppIcon;
				ASSETCATALOG_COMPILER_GLOBAL_ACCENT_COLOR_NAME = AccentColor;
				CODE_SIGN_ENTITLEMENTS = "MVVM-C SwiftUI Template/MVVM_C_SwiftUI_Template.entitlements";
				CODE_SIGN_STYLE = Manual;
				CURRENT_PROJECT_VERSION = 1;
				DEVELOPMENT_ASSET_PATHS = "\"MVVM-C SwiftUI Template/Preview Content\"";
				DEVELOPMENT_TEAM = "";
				ENABLE_PREVIEWS = YES;
				GENERATE_INFOPLIST_FILE = YES;
				"INFOPLIST_KEY_UIApplicationSceneManifest_Generation[sdk=iphoneos*]" = YES;
				"INFOPLIST_KEY_UIApplicationSceneManifest_Generation[sdk=iphonesimulator*]" = YES;
				"INFOPLIST_KEY_UIApplicationSupportsIndirectInputEvents[sdk=iphoneos*]" = YES;
				"INFOPLIST_KEY_UIApplicationSupportsIndirectInputEvents[sdk=iphonesimulator*]" = YES;
				"INFOPLIST_KEY_UILaunchScreen_Generation[sdk=iphoneos*]" = YES;
				"INFOPLIST_KEY_UILaunchScreen_Generation[sdk=iphonesimulator*]" = YES;
				"INFOPLIST_KEY_UIStatusBarStyle[sdk=iphoneos*]" = UIStatusBarStyleDefault;
				"INFOPLIST_KEY_UIStatusBarStyle[sdk=iphonesimulator*]" = UIStatusBarStyleDefault;
				INFOPLIST_KEY_UISupportedInterfaceOrientations_iPad = "UIInterfaceOrientationPortrait UIInterfaceOrientationPortraitUpsideDown UIInterfaceOrientationLandscapeLeft UIInterfaceOrientationLandscapeRight";
				INFOPLIST_KEY_UISupportedInterfaceOrientations_iPhone = "UIInterfaceOrientationPortrait UIInterfaceOrientationLandscapeLeft UIInterfaceOrientationLandscapeRight";
				IPHONEOS_DEPLOYMENT_TARGET = 17.4;
				LD_RUNPATH_SEARCH_PATHS = "@executable_path/Frameworks";
				"LD_RUNPATH_SEARCH_PATHS[sdk=macosx*]" = "@executable_path/../Frameworks";
				MACOSX_DEPLOYMENT_TARGET = 14.3;
				MARKETING_VERSION = 1.0;
				PRODUCT_BUNDLE_IDENTIFIER = "gustavoalens.sample.MVVM-C-SwiftUI-Template";
				PRODUCT_NAME = "$(TARGET_NAME)";
				PROVISIONING_PROFILE_SPECIFIER = "";
				SDKROOT = auto;
				SUPPORTED_PLATFORMS = "iphoneos iphonesimulator macosx";
				SWIFT_EMIT_LOC_STRINGS = YES;
				SWIFT_VERSION = 5.0;
				TARGETED_DEVICE_FAMILY = "1,2";
			};
			name = Debug;
		};
		1D7F78552BE1AAE6007D7843 /* Release */ = {
			isa = XCBuildConfiguration;
			buildSettings = {
				ASSETCATALOG_COMPILER_APPICON_NAME = AppIcon;
				ASSETCATALOG_COMPILER_GLOBAL_ACCENT_COLOR_NAME = AccentColor;
				CODE_SIGN_ENTITLEMENTS = "MVVM-C SwiftUI Template/MVVM_C_SwiftUI_Template.entitlements";
				CODE_SIGN_STYLE = Manual;
				CURRENT_PROJECT_VERSION = 1;
				DEVELOPMENT_ASSET_PATHS = "\"MVVM-C SwiftUI Template/Preview Content\"";
				DEVELOPMENT_TEAM = "";
				ENABLE_PREVIEWS = YES;
				GENERATE_INFOPLIST_FILE = YES;
				"INFOPLIST_KEY_UIApplicationSceneManifest_Generation[sdk=iphoneos*]" = YES;
				"INFOPLIST_KEY_UIApplicationSceneManifest_Generation[sdk=iphonesimulator*]" = YES;
				"INFOPLIST_KEY_UIApplicationSupportsIndirectInputEvents[sdk=iphoneos*]" = YES;
				"INFOPLIST_KEY_UIApplicationSupportsIndirectInputEvents[sdk=iphonesimulator*]" = YES;
				"INFOPLIST_KEY_UILaunchScreen_Generation[sdk=iphoneos*]" = YES;
				"INFOPLIST_KEY_UILaunchScreen_Generation[sdk=iphonesimulator*]" = YES;
				"INFOPLIST_KEY_UIStatusBarStyle[sdk=iphoneos*]" = UIStatusBarStyleDefault;
				"INFOPLIST_KEY_UIStatusBarStyle[sdk=iphonesimulator*]" = UIStatusBarStyleDefault;
				INFOPLIST_KEY_UISupportedInterfaceOrientations_iPad = "UIInterfaceOrientationPortrait UIInterfaceOrientationPortraitUpsideDown UIInterfaceOrientationLandscapeLeft UIInterfaceOrientationLandscapeRight";
				INFOPLIST_KEY_UISupportedInterfaceOrientations_iPhone = "UIInterfaceOrientationPortrait UIInterfaceOrientationLandscapeLeft UIInterfaceOrientationLandscapeRight";
				IPHONEOS_DEPLOYMENT_TARGET = 17.4;
				LD_RUNPATH_SEARCH_PATHS = "@executable_path/Frameworks";
				"LD_RUNPATH_SEARCH_PATHS[sdk=macosx*]" = "@executable_path/../Frameworks";
				MACOSX_DEPLOYMENT_TARGET = 14.3;
				MARKETING_VERSION = 1.0;
				PRODUCT_BUNDLE_IDENTIFIER = "gustavoalens.sample.MVVM-C-SwiftUI-Template";
				PRODUCT_NAME = "$(TARGET_NAME)";
				PROVISIONING_PROFILE_SPECIFIER = "";
				SDKROOT = auto;
				SUPPORTED_PLATFORMS = "iphoneos iphonesimulator macosx";
				SWIFT_EMIT_LOC_STRINGS = YES;
				SWIFT_VERSION = 5.0;
				TARGETED_DEVICE_FAMILY = "1,2";
			};
			name = Release;
		};
/* End XCBuildConfiguration section */

/* Begin XCConfigurationList section */
		1D7F783F2BE1AAE3007D7843 /* Build configuration list for PBXProject "MVVM-C SwiftUI Template" */ = {
			isa = XCConfigurationList;
			buildConfigurations = (
				1D7F78512BE1AAE6007D7843 /* Debug */,
				1D7F78522BE1AAE6007D7843 /* Release */,
			);
			defaultConfigurationIsVisible = 0;
			defaultConfigurationName = Release;
		};
		1D7F78532BE1AAE6007D7843 /* Build configuration list for PBXNativeTarget "MVVM-C SwiftUI Template" */ = {
			isa = XCConfigurationList;
			buildConfigurations = (
				1D7F78542BE1AAE6007D7843 /* Debug */,
				1D7F78552BE1AAE6007D7843 /* Release */,
			);
			defaultConfigurationIsVisible = 0;
			defaultConfigurationName = Release;
		};
/* End XCConfigurationList section */
	};
	rootObject = 1D7F783C2BE1AAE3007D7843 /* Project object */;
}
